{
    "_meta": {
        "hash": {
            "sha256": "2cb338d32b6c990d8acf6ada094d090bd98cb46865fdba19c3e0235c27b577f4"
        },
        "pipfile-spec": 6,
        "requires": {
            "python_version": "3.8"
        },
        "sources": [
            {
                "name": "pypi",
                "url": "https://pypi.org/simple",
                "verify_ssl": true
            }
        ]
    },
    "default": {
        "python-telegram-bot-pagination": {
            "hashes": [
                "sha256:46fe884edcc61a346e2c0a8f7fa777486db50cc08a29ff8585d078f9f70c4ec1"
            ],
            "index": "pypi",
            "version": "==0.0.2"
        }
    },
    "develop": {}
}
